
Microsoft Visual Studio Solution File, Format Version 12.00
# Visual Studio Version 16
VisualStudioVersion = 16.0.30114.105
MinimumVisualStudioVersion = 10.0.40219.1
Project("{FAE04EC0-301F-11D3-BF4B-00C04F79EFBC}") = "Cyberpunk2020CC", "Cyberpunk2020CC.csproj", "{A24EBBEA-AF68-4E95-80D1-D167FCD2B943}"
EndProject
Global
	GlobalSection(SolutionConfigurationPlatforms) = preSolution
		Debug|Any CPU = Debug|Any CPU
		Release|Any CPU = Release|Any CPU
	EndGlobalSection
	GlobalSection(ProjectConfigurationPlatforms) = postSolution
		{A24EBBEA-AF68-4E95-80D1-D167FCD2B943}.Debug|Any CPU.ActiveCfg = Debug|Any CPU
		{A24EBBEA-AF68-4E95-80D1-D167FCD2B943}.Debug|Any CPU.Build.0 = Debug|Any CPU
		{A24EBBEA-AF68-4E95-80D1-D167FCD2B943}.Release|Any CPU.ActiveCfg = Release|Any CPU
		{A24EBBEA-AF68-4E95-80D1-D167FCD2B943}.Release|Any CPU.Build.0 = Release|Any CPU
	EndGlobalSection
	GlobalSection(SolutionProperties) = preSolution
		HideSolutionNode = FALSE
	EndGlobalSection
	GlobalSection(ExtensibilityGlobals) = postSolution
		SolutionGuid = {1CB5A566-C0EF-4EC3-BF38-D4D602958053}
	EndGlobalSection
EndGlobal
